
Microsoft Visual Studio Solution File, Format Version 12.00
# Visual Studio Version 16
VisualStudioVersion = 16.0.31702.278
MinimumVisualStudioVersion = 10.0.40219.1
Project("{FAE04EC0-301F-11D3-BF4B-00C04F79EFBC}") = "WpfAppEindprojectOp12021", "WpfAppEindprojectOp12021\WpfAppEindprojectOp12021.csproj", "{F6AAB47E-2CF4-44A7-9F31-2C261EA8632D}"
EndProject
Global
	GlobalSection(SolutionConfigurationPlatforms) = preSolution
		Debug|Any CPU = Debug|Any CPU
		Release|Any CPU = Release|Any CPU
	EndGlobalSection
	GlobalSection(ProjectConfigurationPlatforms) = postSolution
		{F6AAB47E-2CF4-44A7-9F31-2C261EA8632D}.Debug|Any CPU.ActiveCfg = Debug|Any CPU
		{F6AAB47E-2CF4-44A7-9F31-2C261EA8632D}.Debug|Any CPU.Build.0 = Debug|Any CPU
		{F6AAB47E-2CF4-44A7-9F31-2C261EA8632D}.Release|Any CPU.ActiveCfg = Release|Any CPU
		{F6AAB47E-2CF4-44A7-9F31-2C261EA8632D}.Release|Any CPU.Build.0 = Release|Any CPU
	EndGlobalSection
	GlobalSection(SolutionProperties) = preSolution
		HideSolutionNode = FALSE
	EndGlobalSection
	GlobalSection(ExtensibilityGlobals) = postSolution
		SolutionGuid = {6F8FC742-AA0C-4F4F-81C2-74AB74DC75B9}
	EndGlobalSection
EndGlobal
